// !$*UTF8*$!
{
	archiveVersion = 1;
	classes = {
	};
	objectVersion = 50;
	objects = {

/* Begin PBXBuildFile section */
		10A2AE42241E8C1E0032264E /* UITableView+Extenshion.swift in Sources */ = {isa = PBXBuildFile; fileRef = 10A2AE41241E8C1E0032264E /* UITableView+Extenshion.swift */; };
		10A2AE44241E94430032264E /* BaseController.swift in Sources */ = {isa = PBXBuildFile; fileRef = 10A2AE43241E94430032264E /* BaseController.swift */; };
		10A2AE46241E95E40032264E /* UITextFiled+Extension.swift in Sources */ = {isa = PBXBuildFile; fileRef = 10A2AE45241E95E40032264E /* UITextFiled+Extension.swift */; };
		10A6B9D5241E0EAB005C6C6B /* Constant.swift in Sources */ = {isa = PBXBuildFile; fileRef = 10A6B9D4241E0EAB005C6C6B /* Constant.swift */; };
		10A6B9D9241E1CDF005C6C6B /* ServiceModel.swift in Sources */ = {isa = PBXBuildFile; fileRef = 10A6B9D8241E1CDF005C6C6B /* ServiceModel.swift */; };
		10A6B9DE241E1DC6005C6C6B /* ServiceContoller.swift in Sources */ = {isa = PBXBuildFile; fileRef = 10A6B9DC241E1DC6005C6C6B /* ServiceContoller.swift */; };
		10A6B9DF241E1DC6005C6C6B /* ServiceContoller.xib in Resources */ = {isa = PBXBuildFile; fileRef = 10A6B9DD241E1DC6005C6C6B /* ServiceContoller.xib */; };
		10A6B9E2241E1F03005C6C6B /* ServiceRouter.swift in Sources */ = {isa = PBXBuildFile; fileRef = 10A6B9E1241E1F03005C6C6B /* ServiceRouter.swift */; };
		10A6B9E5241E1F5A005C6C6B /* MainServiceController.swift in Sources */ = {isa = PBXBuildFile; fileRef = 10A6B9E3241E1F5A005C6C6B /* MainServiceController.swift */; };
		10A6B9E6241E1F5A005C6C6B /* MainServiceController.xib in Resources */ = {isa = PBXBuildFile; fileRef = 10A6B9E4241E1F5A005C6C6B /* MainServiceController.xib */; };
		10A6B9EA241E1FC2005C6C6B /* BaseRouter.swift in Sources */ = {isa = PBXBuildFile; fileRef = 10A6B9E9241E1FC2005C6C6B /* BaseRouter.swift */; };
		10A6B9EE241E202D005C6C6B /* UIApplication+Extension.swift in Sources */ = {isa = PBXBuildFile; fileRef = 10A6B9ED241E202D005C6C6B /* UIApplication+Extension.swift */; };
		10A6B9F0241E2155005C6C6B /* UIViewContoller+Extension.swift in Sources */ = {isa = PBXBuildFile; fileRef = 10A6B9EF241E2155005C6C6B /* UIViewContoller+Extension.swift */; };
		10A6B9F4241E2A9C005C6C6B /* ServiceCell.swift in Sources */ = {isa = PBXBuildFile; fileRef = 10A6B9F2241E2A9C005C6C6B /* ServiceCell.swift */; };
		10A6B9F5241E2A9C005C6C6B /* ServiceCell.xib in Resources */ = {isa = PBXBuildFile; fileRef = 10A6B9F3241E2A9C005C6C6B /* ServiceCell.xib */; };
		10A6B9FF241E2D39005C6C6B /* LoadFromXibProtocol.swift in Sources */ = {isa = PBXBuildFile; fileRef = 10A6B9FE241E2D39005C6C6B /* LoadFromXibProtocol.swift */; };
		10A6BA02241E2E82005C6C6B /* HeaderServiceView.swift in Sources */ = {isa = PBXBuildFile; fileRef = 10A6BA00241E2E82005C6C6B /* HeaderServiceView.swift */; };
		10A6BA03241E2E82005C6C6B /* HeaderServiceView.xib in Resources */ = {isa = PBXBuildFile; fileRef = 10A6BA01241E2E82005C6C6B /* HeaderServiceView.xib */; };
		10A6BA06241E3162005C6C6B /* CloseButton.swift in Sources */ = {isa = PBXBuildFile; fileRef = 10A6BA05241E3162005C6C6B /* CloseButton.swift */; };
		10A6BA08241E3169005C6C6B /* CloseButton.xib in Resources */ = {isa = PBXBuildFile; fileRef = 10A6BA07241E3169005C6C6B /* CloseButton.xib */; };
		10A6BA0B241E3C1B005C6C6B /* DoneButtonView.swift in Sources */ = {isa = PBXBuildFile; fileRef = 10A6BA0A241E3C1B005C6C6B /* DoneButtonView.swift */; };
		10A6BA0D241E3C23005C6C6B /* DoneButtonView.xib in Resources */ = {isa = PBXBuildFile; fileRef = 10A6BA0C241E3C23005C6C6B /* DoneButtonView.xib */; };
		10A6BA0F241E3F73005C6C6B /* ServiceContoller+TableView.swift in Sources */ = {isa = PBXBuildFile; fileRef = 10A6BA0E241E3F73005C6C6B /* ServiceContoller+TableView.swift */; };
		10A6BA12241E5C41005C6C6B /* ArchiveService.swift in Sources */ = {isa = PBXBuildFile; fileRef = 10A6BA11241E5C41005C6C6B /* ArchiveService.swift */; };
		10A6BA14241E61BF005C6C6B /* Array+Extension.swift in Sources */ = {isa = PBXBuildFile; fileRef = 10A6BA13241E61BF005C6C6B /* Array+Extension.swift */; };
		DA74662B2418F9D200CC145E /* AppDelegate.swift in Sources */ = {isa = PBXBuildFile; fileRef = DA74662A2418F9D200CC145E /* AppDelegate.swift */; };
		DA74662D2418F9D200CC145E /* SceneDelegate.swift in Sources */ = {isa = PBXBuildFile; fileRef = DA74662C2418F9D200CC145E /* SceneDelegate.swift */; };
		DA7466342418F9D500CC145E /* Assets.xcassets in Resources */ = {isa = PBXBuildFile; fileRef = DA7466332418F9D500CC145E /* Assets.xcassets */; };
		DA7466372418F9D500CC145E /* LaunchScreen.storyboard in Resources */ = {isa = PBXBuildFile; fileRef = DA7466352418F9D500CC145E /* LaunchScreen.storyboard */; };
		DA74663F2418FA2300CC145E /* AdditionalConditions.swift in Sources */ = {isa = PBXBuildFile; fileRef = DA74663E2418FA2300CC145E /* AdditionalConditions.swift */; };
		DA7466442418FBCF00CC145E /* Localizable.strings in Resources */ = {isa = PBXBuildFile; fileRef = DA7466462418FBCF00CC145E /* Localizable.strings */; };
/* End PBXBuildFile section */

/* Begin PBXFileReference section */
		10A2AE41241E8C1E0032264E /* UITableView+Extenshion.swift */ = {isa = PBXFileReference; lastKnownFileType = sourcecode.swift; path = "UITableView+Extenshion.swift"; sourceTree = "<group>"; };
		10A2AE43241E94430032264E /* BaseController.swift */ = {isa = PBXFileReference; lastKnownFileType = sourcecode.swift; path = BaseController.swift; sourceTree = "<group>"; };
		10A2AE45241E95E40032264E /* UITextFiled+Extension.swift */ = {isa = PBXFileReference; lastKnownFileType = sourcecode.swift; path = "UITextFiled+Extension.swift"; sourceTree = "<group>"; };
		10A6B9D4241E0EAB005C6C6B /* Constant.swift */ = {isa = PBXFileReference; lastKnownFileType = sourcecode.swift; path = Constant.swift; sourceTree = "<group>"; };
		10A6B9D8241E1CDF005C6C6B /* ServiceModel.swift */ = {isa = PBXFileReference; lastKnownFileType = sourcecode.swift; path = ServiceModel.swift; sourceTree = "<group>"; };
		10A6B9DC241E1DC6005C6C6B /* ServiceContoller.swift */ = {isa = PBXFileReference; lastKnownFileType = sourcecode.swift; path = ServiceContoller.swift; sourceTree = "<group>"; };
		10A6B9DD241E1DC6005C6C6B /* ServiceContoller.xib */ = {isa = PBXFileReference; lastKnownFileType = file.xib; path = ServiceContoller.xib; sourceTree = "<group>"; };
		10A6B9E1241E1F03005C6C6B /* ServiceRouter.swift */ = {isa = PBXFileReference; lastKnownFileType = sourcecode.swift; path = ServiceRouter.swift; sourceTree = "<group>"; };
		10A6B9E3241E1F5A005C6C6B /* MainServiceController.swift */ = {isa = PBXFileReference; lastKnownFileType = sourcecode.swift; path = MainServiceController.swift; sourceTree = "<group>"; };
		10A6B9E4241E1F5A005C6C6B /* MainServiceController.xib */ = {isa = PBXFileReference; lastKnownFileType = file.xib; path = MainServiceController.xib; sourceTree = "<group>"; };
		10A6B9E9241E1FC2005C6C6B /* BaseRouter.swift */ = {isa = PBXFileReference; lastKnownFileType = sourcecode.swift; path = BaseRouter.swift; sourceTree = "<group>"; };
		10A6B9ED241E202D005C6C6B /* UIApplication+Extension.swift */ = {isa = PBXFileReference; lastKnownFileType = sourcecode.swift; path = "UIApplication+Extension.swift"; sourceTree = "<group>"; };
		10A6B9EF241E2155005C6C6B /* UIViewContoller+Extension.swift */ = {isa = PBXFileReference; lastKnownFileType = sourcecode.swift; path = "UIViewContoller+Extension.swift"; sourceTree = "<group>"; };
		10A6B9F2241E2A9C005C6C6B /* ServiceCell.swift */ = {isa = PBXFileReference; lastKnownFileType = sourcecode.swift; path = ServiceCell.swift; sourceTree = "<group>"; };
		10A6B9F3241E2A9C005C6C6B /* ServiceCell.xib */ = {isa = PBXFileReference; lastKnownFileType = file.xib; path = ServiceCell.xib; sourceTree = "<group>"; };
		10A6B9FE241E2D39005C6C6B /* LoadFromXibProtocol.swift */ = {isa = PBXFileReference; lastKnownFileType = sourcecode.swift; path = LoadFromXibProtocol.swift; sourceTree = "<group>"; };
		10A6BA00241E2E82005C6C6B /* HeaderServiceView.swift */ = {isa = PBXFileReference; lastKnownFileType = sourcecode.swift; path = HeaderServiceView.swift; sourceTree = "<group>"; };
		10A6BA01241E2E82005C6C6B /* HeaderServiceView.xib */ = {isa = PBXFileReference; lastKnownFileType = file.xib; path = HeaderServiceView.xib; sourceTree = "<group>"; };
		10A6BA05241E3162005C6C6B /* CloseButton.swift */ = {isa = PBXFileReference; lastKnownFileType = sourcecode.swift; path = CloseButton.swift; sourceTree = "<group>"; };
		10A6BA07241E3169005C6C6B /* CloseButton.xib */ = {isa = PBXFileReference; lastKnownFileType = file.xib; path = CloseButton.xib; sourceTree = "<group>"; };
		10A6BA0A241E3C1B005C6C6B /* DoneButtonView.swift */ = {isa = PBXFileReference; lastKnownFileType = sourcecode.swift; path = DoneButtonView.swift; sourceTree = "<group>"; };
		10A6BA0C241E3C23005C6C6B /* DoneButtonView.xib */ = {isa = PBXFileReference; lastKnownFileType = file.xib; path = DoneButtonView.xib; sourceTree = "<group>"; };
		10A6BA0E241E3F73005C6C6B /* ServiceContoller+TableView.swift */ = {isa = PBXFileReference; lastKnownFileType = sourcecode.swift; path = "ServiceContoller+TableView.swift"; sourceTree = "<group>"; };
		10A6BA11241E5C41005C6C6B /* ArchiveService.swift */ = {isa = PBXFileReference; lastKnownFileType = sourcecode.swift; path = ArchiveService.swift; sourceTree = "<group>"; };
		10A6BA13241E61BF005C6C6B /* Array+Extension.swift */ = {isa = PBXFileReference; lastKnownFileType = sourcecode.swift; path = "Array+Extension.swift"; sourceTree = "<group>"; };
		DA7466272418F9D200CC145E /* TestAssignment.app */ = {isa = PBXFileReference; explicitFileType = wrapper.application; includeInIndex = 0; path = TestAssignment.app; sourceTree = BUILT_PRODUCTS_DIR; };
		DA74662A2418F9D200CC145E /* AppDelegate.swift */ = {isa = PBXFileReference; lastKnownFileType = sourcecode.swift; path = AppDelegate.swift; sourceTree = "<group>"; };
		DA74662C2418F9D200CC145E /* SceneDelegate.swift */ = {isa = PBXFileReference; lastKnownFileType = sourcecode.swift; path = SceneDelegate.swift; sourceTree = "<group>"; };
		DA7466332418F9D500CC145E /* Assets.xcassets */ = {isa = PBXFileReference; lastKnownFileType = folder.assetcatalog; path = Assets.xcassets; sourceTree = "<group>"; };
		DA7466362418F9D500CC145E /* Base */ = {isa = PBXFileReference; lastKnownFileType = file.storyboard; name = Base; path = Base.lproj/LaunchScreen.storyboard; sourceTree = "<group>"; };
		DA7466382418F9D500CC145E /* Info.plist */ = {isa = PBXFileReference; lastKnownFileType = text.plist.xml; path = Info.plist; sourceTree = "<group>"; };
		DA74663E2418FA2300CC145E /* AdditionalConditions.swift */ = {isa = PBXFileReference; lastKnownFileType = sourcecode.swift; path = AdditionalConditions.swift; sourceTree = "<group>"; };
		DA7466452418FBCF00CC145E /* en */ = {isa = PBXFileReference; lastKnownFileType = text.plist.strings; name = en; path = en.lproj/Localizable.strings; sourceTree = "<group>"; };
/* End PBXFileReference section */

/* Begin PBXFrameworksBuildPhase section */
		DA7466242418F9D200CC145E /* Frameworks */ = {
			isa = PBXFrameworksBuildPhase;
			buildActionMask = 2147483647;
			files = (
			);
			runOnlyForDeploymentPostprocessing = 0;
		};
/* End PBXFrameworksBuildPhase section */

/* Begin PBXGroup section */
		10A6B9CF241E0D5A005C6C6B /* ViewControllers */ = {
			isa = PBXGroup;
			children = (
				10A6B9E1241E1F03005C6C6B /* ServiceRouter.swift */,
				10A6B9E7241E1F6D005C6C6B /* MainServiceController */,
				10A6B9E0241E1DD3005C6C6B /* ServiceContoller */,
			);
			path = ViewControllers;
			sourceTree = "<group>";
		};
		10A6B9D0241E0D8D005C6C6B /* Modules */ = {
			isa = PBXGroup;
			children = (
				10A6B9F6241E2BE2005C6C6B /* Views */,
				10A6B9F1241E2A86005C6C6B /* Cells */,
				10A6B9CF241E0D5A005C6C6B /* ViewControllers */,
			);
			path = Modules;
			sourceTree = "<group>";
		};
		10A6B9D1241E0DEB005C6C6B /* Common */ = {
			isa = PBXGroup;
			children = (
				10A6BA10241E5C2E005C6C6B /* ArchiveService */,
				10A6B9EB241E1FD3005C6C6B /* Extension */,
				10A6B9D3241E0E99005C6C6B /* Constant */,
				10A6B9D2241E0DF2005C6C6B /* Enum */,
			);
			path = Common;
			sourceTree = "<group>";
		};
		10A6B9D2241E0DF2005C6C6B /* Enum */ = {
			isa = PBXGroup;
			children = (
				DA74663E2418FA2300CC145E /* AdditionalConditions.swift */,
			);
			path = Enum;
			sourceTree = "<group>";
		};
		10A6B9D3241E0E99005C6C6B /* Constant */ = {
			isa = PBXGroup;
			children = (
				10A6B9D4241E0EAB005C6C6B /* Constant.swift */,
			);
			path = Constant;
			sourceTree = "<group>";
		};
		10A6B9D6241E138D005C6C6B /* Data */ = {
			isa = PBXGroup;
			children = (
				10A6B9D7241E1393005C6C6B /* Models */,
			);
			path = Data;
			sourceTree = "<group>";
		};
		10A6B9D7241E1393005C6C6B /* Models */ = {
			isa = PBXGroup;
			children = (
				10A6B9D8241E1CDF005C6C6B /* ServiceModel.swift */,
			);
			path = Models;
			sourceTree = "<group>";
		};
		10A6B9E0241E1DD3005C6C6B /* ServiceContoller */ = {
			isa = PBXGroup;
			children = (
				10A6B9DC241E1DC6005C6C6B /* ServiceContoller.swift */,
				10A6BA0E241E3F73005C6C6B /* ServiceContoller+TableView.swift */,
				10A6B9DD241E1DC6005C6C6B /* ServiceContoller.xib */,
			);
			path = ServiceContoller;
			sourceTree = "<group>";
		};
		10A6B9E7241E1F6D005C6C6B /* MainServiceController */ = {
			isa = PBXGroup;
			children = (
				10A6B9E3241E1F5A005C6C6B /* MainServiceController.swift */,
				10A6B9E4241E1F5A005C6C6B /* MainServiceController.xib */,
			);
			path = MainServiceController;
			sourceTree = "<group>";
		};
		10A6B9E8241E1FAD005C6C6B /* Base */ = {
			isa = PBXGroup;
			children = (
				10A6B9FD241E2D2F005C6C6B /* Protocol */,
				10A6B9E9241E1FC2005C6C6B /* BaseRouter.swift */,
				10A2AE43241E94430032264E /* BaseController.swift */,
			);
			path = Base;
			sourceTree = "<group>";
		};
		10A6B9EB241E1FD3005C6C6B /* Extension */ = {
			isa = PBXGroup;
			children = (
				10A6B9ED241E202D005C6C6B /* UIApplication+Extension.swift */,
				10A6B9EF241E2155005C6C6B /* UIViewContoller+Extension.swift */,
				10A6BA13241E61BF005C6C6B /* Array+Extension.swift */,
				10A2AE41241E8C1E0032264E /* UITableView+Extenshion.swift */,
				10A2AE45241E95E40032264E /* UITextFiled+Extension.swift */,
			);
			path = Extension;
			sourceTree = "<group>";
		};
		10A6B9F1241E2A86005C6C6B /* Cells */ = {
			isa = PBXGroup;
			children = (
				10A6B9F7241E2BEF005C6C6B /* Table */,
			);
			path = Cells;
			sourceTree = "<group>";
		};
		10A6B9F6241E2BE2005C6C6B /* Views */ = {
			isa = PBXGroup;
			children = (
				10A6BA09241E3C0A005C6C6B /* DoneButtonView */,
				10A6BA04241E314A005C6C6B /* CloseButtonView */,
				10A6B9F8241E2BF7005C6C6B /* HeaderServiceView */,
			);
			path = Views;
			sourceTree = "<group>";
		};
		10A6B9F7241E2BEF005C6C6B /* Table */ = {
			isa = PBXGroup;
			children = (
				10A6B9F2241E2A9C005C6C6B /* ServiceCell.swift */,
				10A6B9F3241E2A9C005C6C6B /* ServiceCell.xib */,
			);
			path = Table;
			sourceTree = "<group>";
		};
		10A6B9F8241E2BF7005C6C6B /* HeaderServiceView */ = {
			isa = PBXGroup;
			children = (
				10A6BA00241E2E82005C6C6B /* HeaderServiceView.swift */,
				10A6BA01241E2E82005C6C6B /* HeaderServiceView.xib */,
			);
			path = HeaderServiceView;
			sourceTree = "<group>";
		};
		10A6B9FD241E2D2F005C6C6B /* Protocol */ = {
			isa = PBXGroup;
			children = (
				10A6B9FE241E2D39005C6C6B /* LoadFromXibProtocol.swift */,
			);
			path = Protocol;
			sourceTree = "<group>";
		};
		10A6BA04241E314A005C6C6B /* CloseButtonView */ = {
			isa = PBXGroup;
			children = (
				10A6BA05241E3162005C6C6B /* CloseButton.swift */,
				10A6BA07241E3169005C6C6B /* CloseButton.xib */,
			);
			path = CloseButtonView;
			sourceTree = "<group>";
		};
		10A6BA09241E3C0A005C6C6B /* DoneButtonView */ = {
			isa = PBXGroup;
			children = (
				10A6BA0A241E3C1B005C6C6B /* DoneButtonView.swift */,
				10A6BA0C241E3C23005C6C6B /* DoneButtonView.xib */,
			);
			path = DoneButtonView;
			sourceTree = "<group>";
		};
		10A6BA10241E5C2E005C6C6B /* ArchiveService */ = {
			isa = PBXGroup;
			children = (
				10A6BA11241E5C41005C6C6B /* ArchiveService.swift */,
			);
			path = ArchiveService;
			sourceTree = "<group>";
		};
		DA74661E2418F9D200CC145E = {
			isa = PBXGroup;
			children = (
				DA7466292418F9D200CC145E /* TestAssignment */,
				DA7466282418F9D200CC145E /* Products */,
			);
			sourceTree = "<group>";
		};
		DA7466282418F9D200CC145E /* Products */ = {
			isa = PBXGroup;
			children = (
				DA7466272418F9D200CC145E /* TestAssignment.app */,
			);
			name = Products;
			sourceTree = "<group>";
		};
		DA7466292418F9D200CC145E /* TestAssignment */ = {
			isa = PBXGroup;
			children = (
				DA74662A2418F9D200CC145E /* AppDelegate.swift */,
				DA74662C2418F9D200CC145E /* SceneDelegate.swift */,
				10A6B9D6241E138D005C6C6B /* Data */,
				10A6B9D0241E0D8D005C6C6B /* Modules */,
				10A6B9D1241E0DEB005C6C6B /* Common */,
				10A6B9E8241E1FAD005C6C6B /* Base */,
				DA7466332418F9D500CC145E /* Assets.xcassets */,
				DA7466352418F9D500CC145E /* LaunchScreen.storyboard */,
				DA7466382418F9D500CC145E /* Info.plist */,
				DA7466462418FBCF00CC145E /* Localizable.strings */,
			);
			path = TestAssignment;
			sourceTree = "<group>";
		};
/* End PBXGroup section */

/* Begin PBXNativeTarget section */
		DA7466262418F9D200CC145E /* TestAssignment */ = {
			isa = PBXNativeTarget;
			buildConfigurationList = DA74663B2418F9D500CC145E /* Build configuration list for PBXNativeTarget "TestAssignment" */;
			buildPhases = (
				DA7466232418F9D200CC145E /* Sources */,
				DA7466242418F9D200CC145E /* Frameworks */,
				DA7466252418F9D200CC145E /* Resources */,
			);
			buildRules = (
			);
			dependencies = (
			);
			name = TestAssignment;
			productName = TestAssignment;
			productReference = DA7466272418F9D200CC145E /* TestAssignment.app */;
			productType = "com.apple.product-type.application";
		};
/* End PBXNativeTarget section */

/* Begin PBXProject section */
		DA74661F2418F9D200CC145E /* Project object */ = {
			isa = PBXProject;
			attributes = {
				LastSwiftUpdateCheck = 1130;
				LastUpgradeCheck = 1130;
				ORGANIZATIONNAME = "Dmytro Kovryhin";
				TargetAttributes = {
					DA7466262418F9D200CC145E = {
						CreatedOnToolsVersion = 11.3.1;
					};
				};
			};
			buildConfigurationList = DA7466222418F9D200CC145E /* Build configuration list for PBXProject "TestAssignment" */;
			compatibilityVersion = "Xcode 9.3";
			developmentRegion = en;
			hasScannedForEncodings = 0;
			knownRegions = (
				en,
				Base,
			);
			mainGroup = DA74661E2418F9D200CC145E;
			productRefGroup = DA7466282418F9D200CC145E /* Products */;
			projectDirPath = "";
			projectRoot = "";
			targets = (
				DA7466262418F9D200CC145E /* TestAssignment */,
			);
		};
/* End PBXProject section */

/* Begin PBXResourcesBuildPhase section */
		DA7466252418F9D200CC145E /* Resources */ = {
			isa = PBXResourcesBuildPhase;
			buildActionMask = 2147483647;
			files = (
				10A6BA0D241E3C23005C6C6B /* DoneButtonView.xib in Resources */,
				DA7466372418F9D500CC145E /* LaunchScreen.storyboard in Resources */,
				10A6B9E6241E1F5A005C6C6B /* MainServiceController.xib in Resources */,
				10A6BA08241E3169005C6C6B /* CloseButton.xib in Resources */,
				10A6BA03241E2E82005C6C6B /* HeaderServiceView.xib in Resources */,
				DA7466442418FBCF00CC145E /* Localizable.strings in Resources */,
				DA7466342418F9D500CC145E /* Assets.xcassets in Resources */,
				10A6B9DF241E1DC6005C6C6B /* ServiceContoller.xib in Resources */,
				10A6B9F5241E2A9C005C6C6B /* ServiceCell.xib in Resources */,
			);
			runOnlyForDeploymentPostprocessing = 0;
		};
/* End PBXResourcesBuildPhase section */

/* Begin PBXSourcesBuildPhase section */
		DA7466232418F9D200CC145E /* Sources */ = {
			isa = PBXSourcesBuildPhase;
			buildActionMask = 2147483647;
			files = (
				10A6BA06241E3162005C6C6B /* CloseButton.swift in Sources */,
				10A6B9E5241E1F5A005C6C6B /* MainServiceController.swift in Sources */,
				10A6BA0F241E3F73005C6C6B /* ServiceContoller+TableView.swift in Sources */,
				10A6B9EA241E1FC2005C6C6B /* BaseRouter.swift in Sources */,
				10A2AE42241E8C1E0032264E /* UITableView+Extenshion.swift in Sources */,
				10A6B9E2241E1F03005C6C6B /* ServiceRouter.swift in Sources */,
				10A6BA02241E2E82005C6C6B /* HeaderServiceView.swift in Sources */,
				DA74663F2418FA2300CC145E /* AdditionalConditions.swift in Sources */,
				10A6B9F0241E2155005C6C6B /* UIViewContoller+Extension.swift in Sources */,
				10A6B9D9241E1CDF005C6C6B /* ServiceModel.swift in Sources */,
				10A6B9DE241E1DC6005C6C6B /* ServiceContoller.swift in Sources */,
				10A6B9D5241E0EAB005C6C6B /* Constant.swift in Sources */,
				10A6BA14241E61BF005C6C6B /* Array+Extension.swift in Sources */,
				10A6B9FF241E2D39005C6C6B /* LoadFromXibProtocol.swift in Sources */,
				10A6BA12241E5C41005C6C6B /* ArchiveService.swift in Sources */,
				10A6B9EE241E202D005C6C6B /* UIApplication+Extension.swift in Sources */,
				10A2AE44241E94430032264E /* BaseController.swift in Sources */,
				10A6BA0B241E3C1B005C6C6B /* DoneButtonView.swift in Sources */,
				10A6B9F4241E2A9C005C6C6B /* ServiceCell.swift in Sources */,
				DA74662B2418F9D200CC145E /* AppDelegate.swift in Sources */,
				DA74662D2418F9D200CC145E /* SceneDelegate.swift in Sources */,
				10A2AE46241E95E40032264E /* UITextFiled+Extension.swift in Sources */,
			);
			runOnlyForDeploymentPostprocessing = 0;
		};
/* End PBXSourcesBuildPhase section */

/* Begin PBXVariantGroup section */
		DA7466352418F9D500CC145E /* LaunchScreen.storyboard */ = {
			isa = PBXVariantGroup;
			children = (
				DA7466362418F9D500CC145E /* Base */,
			);
			name = LaunchScreen.storyboard;
			sourceTree = "<group>";
		};
		DA7466462418FBCF00CC145E /* Localizable.strings */ = {
			isa = PBXVariantGroup;
			children = (
				DA7466452418FBCF00CC145E /* en */,
			);
			name = Localizable.strings;
			sourceTree = "<group>";
		};
/* End PBXVariantGroup section */

/* Begin XCBuildConfiguration section */
		DA7466392418F9D500CC145E /* Debug */ = {
			isa = XCBuildConfiguration;
			buildSettings = {
				ALWAYS_SEARCH_USER_PATHS = NO;
				CLANG_ANALYZER_NONNULL = YES;
				CLANG_ANALYZER_NUMBER_OBJECT_CONVERSION = YES_AGGRESSIVE;
				CLANG_CXX_LANGUAGE_STANDARD = "gnu++14";
				CLANG_CXX_LIBRARY = "libc++";
				CLANG_ENABLE_MODULES = YES;
				CLANG_ENABLE_OBJC_ARC = YES;
				CLANG_ENABLE_OBJC_WEAK = YES;
				CLANG_WARN_BLOCK_CAPTURE_AUTORELEASING = YES;
				CLANG_WARN_BOOL_CONVERSION = YES;
				CLANG_WARN_COMMA = YES;
				CLANG_WARN_CONSTANT_CONVERSION = YES;
				CLANG_WARN_DEPRECATED_OBJC_IMPLEMENTATIONS = YES;
				CLANG_WARN_DIRECT_OBJC_ISA_USAGE = YES_ERROR;
				CLANG_WARN_DOCUMENTATION_COMMENTS = YES;
				CLANG_WARN_EMPTY_BODY = YES;
				CLANG_WARN_ENUM_CONVERSION = YES;
				CLANG_WARN_INFINITE_RECURSION = YES;
				CLANG_WARN_INT_CONVERSION = YES;
				CLANG_WARN_NON_LITERAL_NULL_CONVERSION = YES;
				CLANG_WARN_OBJC_IMPLICIT_RETAIN_SELF = YES;
				CLANG_WARN_OBJC_LITERAL_CONVERSION = YES;
				CLANG_WARN_OBJC_ROOT_CLASS = YES_ERROR;
				CLANG_WARN_RANGE_LOOP_ANALYSIS = YES;
				CLANG_WARN_STRICT_PROTOTYPES = YES;
				CLANG_WARN_SUSPICIOUS_MOVE = YES;
				CLANG_WARN_UNGUARDED_AVAILABILITY = YES_AGGRESSIVE;
				CLANG_WARN_UNREACHABLE_CODE = YES;
				CLANG_WARN__DUPLICATE_METHOD_MATCH = YES;
				COPY_PHASE_STRIP = NO;
				DEBUG_INFORMATION_FORMAT = dwarf;
				ENABLE_STRICT_OBJC_MSGSEND = YES;
				ENABLE_TESTABILITY = YES;
				GCC_C_LANGUAGE_STANDARD = gnu11;
				GCC_DYNAMIC_NO_PIC = NO;
				GCC_NO_COMMON_BLOCKS = YES;
				GCC_OPTIMIZATION_LEVEL = 0;
				GCC_PREPROCESSOR_DEFINITIONS = (
					"DEBUG=1",
					"$(inherited)",
				);
				GCC_WARN_64_TO_32_BIT_CONVERSION = YES;
				GCC_WARN_ABOUT_RETURN_TYPE = YES_ERROR;
				GCC_WARN_UNDECLARED_SELECTOR = YES;
				GCC_WARN_UNINITIALIZED_AUTOS = YES_AGGRESSIVE;
				GCC_WARN_UNUSED_FUNCTION = YES;
				GCC_WARN_UNUSED_VARIABLE = YES;
				IPHONEOS_DEPLOYMENT_TARGET = 13.2;
				MTL_ENABLE_DEBUG_INFO = INCLUDE_SOURCE;
				MTL_FAST_MATH = YES;
				ONLY_ACTIVE_ARCH = YES;
				SDKROOT = iphoneos;
				SWIFT_ACTIVE_COMPILATION_CONDITIONS = DEBUG;
				SWIFT_OPTIMIZATION_LEVEL = "-Onone";
			};
			name = Debug;
		};
		DA74663A2418F9D500CC145E /* Release */ = {
			isa = XCBuildConfiguration;
			buildSettings = {
				ALWAYS_SEARCH_USER_PATHS = NO;
				CLANG_ANALYZER_NONNULL = YES;
				CLANG_ANALYZER_NUMBER_OBJECT_CONVERSION = YES_AGGRESSIVE;
				CLANG_CXX_LANGUAGE_STANDARD = "gnu++14";
				CLANG_CXX_LIBRARY = "libc++";
				CLANG_ENABLE_MODULES = YES;
				CLANG_ENABLE_OBJC_ARC = YES;
				CLANG_ENABLE_OBJC_WEAK = YES;
				CLANG_WARN_BLOCK_CAPTURE_AUTORELEASING = YES;
				CLANG_WARN_BOOL_CONVERSION = YES;
				CLANG_WARN_COMMA = YES;
				CLANG_WARN_CONSTANT_CONVERSION = YES;
				CLANG_WARN_DEPRECATED_OBJC_IMPLEMENTATIONS = YES;
				CLANG_WARN_DIRECT_OBJC_ISA_USAGE = YES_ERROR;
				CLANG_WARN_DOCUMENTATION_COMMENTS = YES;
				CLANG_WARN_EMPTY_BODY = YES;
				CLANG_WARN_ENUM_CONVERSION = YES;
				CLANG_WARN_INFINITE_RECURSION = YES;
				CLANG_WARN_INT_CONVERSION = YES;
				CLANG_WARN_NON_LITERAL_NULL_CONVERSION = YES;
				CLANG_WARN_OBJC_IMPLICIT_RETAIN_SELF = YES;
				CLANG_WARN_OBJC_LITERAL_CONVERSION = YES;
				CLANG_WARN_OBJC_ROOT_CLASS = YES_ERROR;
				CLANG_WARN_RANGE_LOOP_ANALYSIS = YES;
				CLANG_WARN_STRICT_PROTOTYPES = YES;
				CLANG_WARN_SUSPICIOUS_MOVE = YES;
				CLANG_WARN_UNGUARDED_AVAILABILITY = YES_AGGRESSIVE;
				CLANG_WARN_UNREACHABLE_CODE = YES;
				CLANG_WARN__DUPLICATE_METHOD_MATCH = YES;
				COPY_PHASE_STRIP = NO;
				DEBUG_INFORMATION_FORMAT = "dwarf-with-dsym";
				ENABLE_NS_ASSERTIONS = NO;
				ENABLE_STRICT_OBJC_MSGSEND = YES;
				GCC_C_LANGUAGE_STANDARD = gnu11;
				GCC_NO_COMMON_BLOCKS = YES;
				GCC_WARN_64_TO_32_BIT_CONVERSION = YES;
				GCC_WARN_ABOUT_RETURN_TYPE = YES_ERROR;
				GCC_WARN_UNDECLARED_SELECTOR = YES;
				GCC_WARN_UNINITIALIZED_AUTOS = YES_AGGRESSIVE;
				GCC_WARN_UNUSED_FUNCTION = YES;
				GCC_WARN_UNUSED_VARIABLE = YES;
				IPHONEOS_DEPLOYMENT_TARGET = 13.2;
				MTL_ENABLE_DEBUG_INFO = NO;
				MTL_FAST_MATH = YES;
				SDKROOT = iphoneos;
				SWIFT_COMPILATION_MODE = wholemodule;
				SWIFT_OPTIMIZATION_LEVEL = "-O";
				VALIDATE_PRODUCT = YES;
			};
			name = Release;
		};
		DA74663C2418F9D500CC145E /* Debug */ = {
			isa = XCBuildConfiguration;
			buildSettings = {
				ASSETCATALOG_COMPILER_APPICON_NAME = AppIcon;
				CODE_SIGN_STYLE = Automatic;
				INFOPLIST_FILE = TestAssignment/Info.plist;
				LD_RUNPATH_SEARCH_PATHS = (
					"$(inherited)",
					"@executable_path/Frameworks",
				);
				PRODUCT_BUNDLE_IDENTIFIER = com.tableView.ua.TestAssignment;
				PRODUCT_NAME = "$(TARGET_NAME)";
				SWIFT_VERSION = 5.0;
				TARGETED_DEVICE_FAMILY = "1,2";
			};
			name = Debug;
		};
		DA74663D2418F9D500CC145E /* Release */ = {
			isa = XCBuildConfiguration;
			buildSettings = {
				ASSETCATALOG_COMPILER_APPICON_NAME = AppIcon;
				CODE_SIGN_STYLE = Automatic;
				INFOPLIST_FILE = TestAssignment/Info.plist;
				LD_RUNPATH_SEARCH_PATHS = (
					"$(inherited)",
					"@executable_path/Frameworks",
				);
				PRODUCT_BUNDLE_IDENTIFIER = com.tableView.ua.TestAssignment;
				PRODUCT_NAME = "$(TARGET_NAME)";
				SWIFT_VERSION = 5.0;
				TARGETED_DEVICE_FAMILY = "1,2";
			};
			name = Release;
		};
/* End XCBuildConfiguration section */

/* Begin XCConfigurationList section */
		DA7466222418F9D200CC145E /* Build configuration list for PBXProject "TestAssignment" */ = {
			isa = XCConfigurationList;
			buildConfigurations = (
				DA7466392418F9D500CC145E /* Debug */,
				DA74663A2418F9D500CC145E /* Release */,
			);
			defaultConfigurationIsVisible = 0;
			defaultConfigurationName = Release;
		};
		DA74663B2418F9D500CC145E /* Build configuration list for PBXNativeTarget "TestAssignment" */ = {
			isa = XCConfigurationList;
			buildConfigurations = (
				DA74663C2418F9D500CC145E /* Debug */,
				DA74663D2418F9D500CC145E /* Release */,
			);
			defaultConfigurationIsVisible = 0;
			defaultConfigurationName = Release;
		};
/* End XCConfigurationList section */
	};
	rootObject = DA74661F2418F9D200CC145E /* Project object */;
}
